
Microsoft Visual Studio Solution File, Format Version 12.00
# Visual Studio 15
VisualStudioVersion = 15.0.26730.15
MinimumVisualStudioVersion = 10.0.40219.1
Project("{FAE04EC0-301F-11D3-BF4B-00C04F79EFBC}") = "ConsoleApp", "ConsoleApp1\ConsoleApp.csproj", "{AD73A4C4-6876-44B3-8050-1BC439760DE4}"
EndProject
Global
	GlobalSection(SolutionConfigurationPlatforms) = preSolution
		Debug|Any CPU = Debug|Any CPU
		Release|Any CPU = Release|Any CPU
	EndGlobalSection
	GlobalSection(ProjectConfigurationPlatforms) = postSolution
		{AD73A4C4-6876-44B3-8050-1BC439760DE4}.Debug|Any CPU.ActiveCfg = Debug|Any CPU
		{AD73A4C4-6876-44B3-8050-1BC439760DE4}.Debug|Any CPU.Build.0 = Debug|Any CPU
		{AD73A4C4-6876-44B3-8050-1BC439760DE4}.Release|Any CPU.ActiveCfg = Release|Any CPU
		{AD73A4C4-6876-44B3-8050-1BC439760DE4}.Release|Any CPU.Build.0 = Release|Any CPU
	EndGlobalSection
	GlobalSection(SolutionProperties) = preSolution
		HideSolutionNode = FALSE
	EndGlobalSection
	GlobalSection(ExtensibilityGlobals) = postSolution
		SolutionGuid = {C3BF2D93-D111-42DA-B1F1-6ED68245AF00}
	EndGlobalSection
EndGlobal
